
Microsoft Visual Studio Solution File, Format Version 12.00
# Visual Studio Version 17
VisualStudioVersion = 17.6.33723.286
MinimumVisualStudioVersion = 10.0.40219.1
Project("{FAE04EC0-301F-11D3-BF4B-00C04F79EFBC}") = "Zadanie4", "Zadanie4.csproj", "{C4DBC2B2-35EC-4C35-9DEB-E124D5A3C4C2}"
EndProject
Global
	GlobalSection(SolutionConfigurationPlatforms) = preSolution
		Debug|Any CPU = Debug|Any CPU
		Release|Any CPU = Release|Any CPU
	EndGlobalSection
	GlobalSection(ProjectConfigurationPlatforms) = postSolution
		{C4DBC2B2-35EC-4C35-9DEB-E124D5A3C4C2}.Debug|Any CPU.ActiveCfg = Debug|Any CPU
		{C4DBC2B2-35EC-4C35-9DEB-E124D5A3C4C2}.Debug|Any CPU.Build.0 = Debug|Any CPU
		{C4DBC2B2-35EC-4C35-9DEB-E124D5A3C4C2}.Release|Any CPU.ActiveCfg = Release|Any CPU
		{C4DBC2B2-35EC-4C35-9DEB-E124D5A3C4C2}.Release|Any CPU.Build.0 = Release|Any CPU
	EndGlobalSection
	GlobalSection(SolutionProperties) = preSolution
		HideSolutionNode = FALSE
	EndGlobalSection
	GlobalSection(ExtensibilityGlobals) = postSolution
		SolutionGuid = {24B5F60A-9ECA-44B9-A060-A96A91912B33}
	EndGlobalSection
EndGlobal
